
Microsoft Visual Studio Solution File, Format Version 12.00
# Visual Studio 15
VisualStudioVersion = 15.0.28307.1000
MinimumVisualStudioVersion = 10.0.40219.1
Project("{FAE04EC0-301F-11D3-BF4B-00C04F79EFBC}") = "Моя Практика", "Моя Практика\Моя Практика.csproj", "{36C4B3DD-6D85-44BC-A62F-0F08F6EF272B}"
EndProject
Global
	GlobalSection(SolutionConfigurationPlatforms) = preSolution
		Debug|Any CPU = Debug|Any CPU
		Release|Any CPU = Release|Any CPU
	EndGlobalSection
	GlobalSection(ProjectConfigurationPlatforms) = postSolution
		{36C4B3DD-6D85-44BC-A62F-0F08F6EF272B}.Debug|Any CPU.ActiveCfg = Debug|Any CPU
		{36C4B3DD-6D85-44BC-A62F-0F08F6EF272B}.Debug|Any CPU.Build.0 = Debug|Any CPU
		{36C4B3DD-6D85-44BC-A62F-0F08F6EF272B}.Release|Any CPU.ActiveCfg = Release|Any CPU
		{36C4B3DD-6D85-44BC-A62F-0F08F6EF272B}.Release|Any CPU.Build.0 = Release|Any CPU
	EndGlobalSection
	GlobalSection(SolutionProperties) = preSolution
		HideSolutionNode = FALSE
	EndGlobalSection
	GlobalSection(ExtensibilityGlobals) = postSolution
		SolutionGuid = {2E6E17B6-6DBA-4695-97BA-A98DAC5401D0}
	EndGlobalSection
EndGlobal
